
Microsoft Visual Studio Solution File, Format Version 12.00
# Visual Studio Version 16
VisualStudioVersion = 16.0.30503.244
MinimumVisualStudioVersion = 10.0.40219.1
Project("{FAE04EC0-301F-11D3-BF4B-00C04F79EFBC}") = "Prvi zadatak", "Prvi zadatak\Prvi zadatak.csproj", "{71CEA570-72F9-4387-B40C-FB7D4A6F4C2B}"
EndProject
Global
	GlobalSection(SolutionConfigurationPlatforms) = preSolution
		Debug|Any CPU = Debug|Any CPU
		Release|Any CPU = Release|Any CPU
	EndGlobalSection
	GlobalSection(ProjectConfigurationPlatforms) = postSolution
		{71CEA570-72F9-4387-B40C-FB7D4A6F4C2B}.Debug|Any CPU.ActiveCfg = Debug|Any CPU
		{71CEA570-72F9-4387-B40C-FB7D4A6F4C2B}.Debug|Any CPU.Build.0 = Debug|Any CPU
		{71CEA570-72F9-4387-B40C-FB7D4A6F4C2B}.Release|Any CPU.ActiveCfg = Release|Any CPU
		{71CEA570-72F9-4387-B40C-FB7D4A6F4C2B}.Release|Any CPU.Build.0 = Release|Any CPU
	EndGlobalSection
	GlobalSection(SolutionProperties) = preSolution
		HideSolutionNode = FALSE
	EndGlobalSection
	GlobalSection(ExtensibilityGlobals) = postSolution
		SolutionGuid = {DDFF37F6-36FA-41A2-B737-531C7091F67B}
	EndGlobalSection
EndGlobal
